
Microsoft Visual Studio Solution File, Format Version 12.00
# Visual Studio Version 17
VisualStudioVersion = 17.3.32929.385
MinimumVisualStudioVersion = 10.0.40219.1
Project("{FAE04EC0-301F-11D3-BF4B-00C04F79EFBC}") = "Expenses.Grpc.Server", "Expenses.Grpc.Server\Expenses.Grpc.Server.csproj", "{86B480F6-5FBF-4E3C-BFA1-673A58CF8EE6}"
EndProject
Project("{FAE04EC0-301F-11D3-BF4B-00C04F79EFBC}") = "Expenses.Grpc.Api", "Expenses.Grpc.Api\Expenses.Grpc.Api.csproj", "{35EACEC8-41AB-4319-AE93-21FB079EFAAD}"
EndProject
Global
	GlobalSection(SolutionConfigurationPlatforms) = preSolution
		Debug|Any CPU = Debug|Any CPU
		Release|Any CPU = Release|Any CPU
	EndGlobalSection
	GlobalSection(ProjectConfigurationPlatforms) = postSolution
		{86B480F6-5FBF-4E3C-BFA1-673A58CF8EE6}.Debug|Any CPU.ActiveCfg = Debug|Any CPU
		{86B480F6-5FBF-4E3C-BFA1-673A58CF8EE6}.Debug|Any CPU.Build.0 = Debug|Any CPU
		{86B480F6-5FBF-4E3C-BFA1-673A58CF8EE6}.Release|Any CPU.ActiveCfg = Release|Any CPU
		{86B480F6-5FBF-4E3C-BFA1-673A58CF8EE6}.Release|Any CPU.Build.0 = Release|Any CPU
		{35EACEC8-41AB-4319-AE93-21FB079EFAAD}.Debug|Any CPU.ActiveCfg = Debug|Any CPU
		{35EACEC8-41AB-4319-AE93-21FB079EFAAD}.Debug|Any CPU.Build.0 = Debug|Any CPU
		{35EACEC8-41AB-4319-AE93-21FB079EFAAD}.Release|Any CPU.ActiveCfg = Release|Any CPU
		{35EACEC8-41AB-4319-AE93-21FB079EFAAD}.Release|Any CPU.Build.0 = Release|Any CPU
	EndGlobalSection
	GlobalSection(SolutionProperties) = preSolution
		HideSolutionNode = FALSE
	EndGlobalSection
	GlobalSection(ExtensibilityGlobals) = postSolution
		SolutionGuid = {07BC045F-CB5F-4D1C-BF60-CAC20CFA84FA}
	EndGlobalSection
EndGlobal
